
Microsoft Visual Studio Solution File, Format Version 12.00
# Visual Studio Version 16
VisualStudioVersion = 16.0.30204.135
MinimumVisualStudioVersion = 10.0.40219.1
Project("{FAE04EC0-301F-11D3-BF4B-00C04F79EFBC}") = "ParametersMonitor", "ParametersMonitor\ParametersMonitor.csproj", "{45021107-EF65-4DFC-AA0E-C8EC30CF4205}"
EndProject
Global
	GlobalSection(SolutionConfigurationPlatforms) = preSolution
		Debug|Any CPU = Debug|Any CPU
		Release|Any CPU = Release|Any CPU
	EndGlobalSection
	GlobalSection(ProjectConfigurationPlatforms) = postSolution
		{45021107-EF65-4DFC-AA0E-C8EC30CF4205}.Debug|Any CPU.ActiveCfg = Debug|Any CPU
		{45021107-EF65-4DFC-AA0E-C8EC30CF4205}.Debug|Any CPU.Build.0 = Debug|Any CPU
		{45021107-EF65-4DFC-AA0E-C8EC30CF4205}.Release|Any CPU.ActiveCfg = Release|Any CPU
		{45021107-EF65-4DFC-AA0E-C8EC30CF4205}.Release|Any CPU.Build.0 = Release|Any CPU
	EndGlobalSection
	GlobalSection(SolutionProperties) = preSolution
		HideSolutionNode = FALSE
	EndGlobalSection
	GlobalSection(ExtensibilityGlobals) = postSolution
		SolutionGuid = {CAD16DB4-D922-4AFB-827F-977367D99770}
	EndGlobalSection
EndGlobal
